
Microsoft Visual Studio Solution File, Format Version 12.00
# Visual Studio 15
Project("{FAE04EC0-301F-11D3-BF4B-00C04F79EFBC}") = "WeatherFunction", "WeatherFunction\WeatherFunction.csproj", "{B60FF200-31D9-4CAA-894D-AB5A1A02D7E4}"
EndProject
Project("{FAE04EC0-301F-11D3-BF4B-00C04F79EFBC}") = "WeatherFunction.Tests", "WeatherFunction.Tests\WeatherFunction.Tests.csproj", "{2C2D009B-64CD-4A0F-ACD5-CFE61ADF7AA6}"
EndProject
Global
	GlobalSection(SolutionConfigurationPlatforms) = preSolution
		Debug|Any CPU = Debug|Any CPU
		Release|Any CPU = Release|Any CPU
	EndGlobalSection
	GlobalSection(ProjectConfigurationPlatforms) = postSolution
		{B60FF200-31D9-4CAA-894D-AB5A1A02D7E4}.Debug|Any CPU.ActiveCfg = Debug|Any CPU
		{B60FF200-31D9-4CAA-894D-AB5A1A02D7E4}.Debug|Any CPU.Build.0 = Debug|Any CPU
		{B60FF200-31D9-4CAA-894D-AB5A1A02D7E4}.Release|Any CPU.ActiveCfg = Release|Any CPU
		{B60FF200-31D9-4CAA-894D-AB5A1A02D7E4}.Release|Any CPU.Build.0 = Release|Any CPU
		{2C2D009B-64CD-4A0F-ACD5-CFE61ADF7AA6}.Debug|Any CPU.ActiveCfg = Debug|Any CPU
		{2C2D009B-64CD-4A0F-ACD5-CFE61ADF7AA6}.Debug|Any CPU.Build.0 = Debug|Any CPU
		{2C2D009B-64CD-4A0F-ACD5-CFE61ADF7AA6}.Release|Any CPU.ActiveCfg = Release|Any CPU
		{2C2D009B-64CD-4A0F-ACD5-CFE61ADF7AA6}.Release|Any CPU.Build.0 = Release|Any CPU
	EndGlobalSection
EndGlobal
